
Microsoft Visual Studio Solution File, Format Version 12.00
# Visual Studio Version 16
VisualStudioVersion = 16.0.30621.155
MinimumVisualStudioVersion = 10.0.40219.1
Project("{9A19103F-16F7-4668-BE54-9A1E7A4F7556}") = "Core.Excel", "Core.Excel\Core.Excel.csproj", "{52E7E2DA-BA18-40AD-8D87-262A69B7A6B4}"
EndProject
Global
	GlobalSection(SolutionConfigurationPlatforms) = preSolution
		Debug|Any CPU = Debug|Any CPU
		Release|Any CPU = Release|Any CPU
	EndGlobalSection
	GlobalSection(ProjectConfigurationPlatforms) = postSolution
		{52E7E2DA-BA18-40AD-8D87-262A69B7A6B4}.Debug|Any CPU.ActiveCfg = Debug|Any CPU
		{52E7E2DA-BA18-40AD-8D87-262A69B7A6B4}.Debug|Any CPU.Build.0 = Debug|Any CPU
		{52E7E2DA-BA18-40AD-8D87-262A69B7A6B4}.Release|Any CPU.ActiveCfg = Release|Any CPU
		{52E7E2DA-BA18-40AD-8D87-262A69B7A6B4}.Release|Any CPU.Build.0 = Release|Any CPU
	EndGlobalSection
	GlobalSection(SolutionProperties) = preSolution
		HideSolutionNode = FALSE
	EndGlobalSection
	GlobalSection(ExtensibilityGlobals) = postSolution
		SolutionGuid = {909BFDA3-EC8C-4284-850A-6CE9EBA65D9F}
	EndGlobalSection
EndGlobal
