
Microsoft Visual Studio Solution File, Format Version 12.00
# Visual Studio Version 16
VisualStudioVersion = 16.0.30621.155
MinimumVisualStudioVersion = 10.0.40219.1
Project("{FAE04EC0-301F-11D3-BF4B-00C04F79EFBC}") = "Core.Logger", "Core.Logger\Core.Logger.csproj", "{64596B89-1D77-44BB-BD55-17F5581788E5}"
EndProject
Global
	GlobalSection(SolutionConfigurationPlatforms) = preSolution
		Debug|Any CPU = Debug|Any CPU
		Release|Any CPU = Release|Any CPU
	EndGlobalSection
	GlobalSection(ProjectConfigurationPlatforms) = postSolution
		{64596B89-1D77-44BB-BD55-17F5581788E5}.Debug|Any CPU.ActiveCfg = Debug|Any CPU
		{64596B89-1D77-44BB-BD55-17F5581788E5}.Debug|Any CPU.Build.0 = Debug|Any CPU
		{64596B89-1D77-44BB-BD55-17F5581788E5}.Release|Any CPU.ActiveCfg = Release|Any CPU
		{64596B89-1D77-44BB-BD55-17F5581788E5}.Release|Any CPU.Build.0 = Release|Any CPU
	EndGlobalSection
	GlobalSection(SolutionProperties) = preSolution
		HideSolutionNode = FALSE
	EndGlobalSection
	GlobalSection(ExtensibilityGlobals) = postSolution
		SolutionGuid = {C921C25D-0F95-4E1C-A94F-A91E353F26FC}
	EndGlobalSection
EndGlobal
