
Microsoft Visual Studio Solution File, Format Version 12.00
# Visual Studio Version 16
VisualStudioVersion = 16.0.30621.155
MinimumVisualStudioVersion = 10.0.40219.1
Project("{FAE04EC0-301F-11D3-BF4B-00C04F79EFBC}") = "Core.BlobStorage", "Core.BlobStorage\Core.BlobStorage.csproj", "{C34B802E-6728-426F-BBE8-8B30757B0253}"
EndProject
Global
	GlobalSection(SolutionConfigurationPlatforms) = preSolution
		Debug|Any CPU = Debug|Any CPU
		Release|Any CPU = Release|Any CPU
	EndGlobalSection
	GlobalSection(ProjectConfigurationPlatforms) = postSolution
		{C34B802E-6728-426F-BBE8-8B30757B0253}.Debug|Any CPU.ActiveCfg = Debug|Any CPU
		{C34B802E-6728-426F-BBE8-8B30757B0253}.Debug|Any CPU.Build.0 = Debug|Any CPU
		{C34B802E-6728-426F-BBE8-8B30757B0253}.Release|Any CPU.ActiveCfg = Release|Any CPU
		{C34B802E-6728-426F-BBE8-8B30757B0253}.Release|Any CPU.Build.0 = Release|Any CPU
	EndGlobalSection
	GlobalSection(SolutionProperties) = preSolution
		HideSolutionNode = FALSE
	EndGlobalSection
	GlobalSection(ExtensibilityGlobals) = postSolution
		SolutionGuid = {87063D23-4C5B-4F66-98CD-54DFBD0F2B68}
	EndGlobalSection
EndGlobal
